
Microsoft Visual Studio Solution File, Format Version 12.00
# Visual Studio Version 17
VisualStudioVersion = 17.3.32929.385
MinimumVisualStudioVersion = 10.0.40219.1
Project("{FAE04EC0-301F-11D3-BF4B-00C04F79EFBC}") = "ZdarzeniaMyszy", "ZdarzeniaMyszy\ZdarzeniaMyszy.csproj", "{D79830A2-09E8-4A19-8D00-37405E39282C}"
EndProject
Global
	GlobalSection(SolutionConfigurationPlatforms) = preSolution
		Debug|Any CPU = Debug|Any CPU
		Release|Any CPU = Release|Any CPU
	EndGlobalSection
	GlobalSection(ProjectConfigurationPlatforms) = postSolution
		{D79830A2-09E8-4A19-8D00-37405E39282C}.Debug|Any CPU.ActiveCfg = Debug|Any CPU
		{D79830A2-09E8-4A19-8D00-37405E39282C}.Debug|Any CPU.Build.0 = Debug|Any CPU
		{D79830A2-09E8-4A19-8D00-37405E39282C}.Release|Any CPU.ActiveCfg = Release|Any CPU
		{D79830A2-09E8-4A19-8D00-37405E39282C}.Release|Any CPU.Build.0 = Release|Any CPU
	EndGlobalSection
	GlobalSection(SolutionProperties) = preSolution
		HideSolutionNode = FALSE
	EndGlobalSection
	GlobalSection(ExtensibilityGlobals) = postSolution
		SolutionGuid = {4D5DD0C0-CA08-45BE-9055-39411D25410F}
	EndGlobalSection
EndGlobal
