
Microsoft Visual Studio Solution File, Format Version 12.00
# Visual Studio Version 17
VisualStudioVersion = 17.3.32901.215
MinimumVisualStudioVersion = 10.0.40219.1
Project("{FAE04EC0-301F-11D3-BF4B-00C04F79EFBC}") = "inne_lancuchy", "inne_lancuchy\inne_lancuchy.csproj", "{DDFA3F52-3A5E-4F84-92D1-7C88E5B8F22F}"
EndProject
Global
	GlobalSection(SolutionConfigurationPlatforms) = preSolution
		Debug|Any CPU = Debug|Any CPU
		Release|Any CPU = Release|Any CPU
	EndGlobalSection
	GlobalSection(ProjectConfigurationPlatforms) = postSolution
		{DDFA3F52-3A5E-4F84-92D1-7C88E5B8F22F}.Debug|Any CPU.ActiveCfg = Debug|Any CPU
		{DDFA3F52-3A5E-4F84-92D1-7C88E5B8F22F}.Debug|Any CPU.Build.0 = Debug|Any CPU
		{DDFA3F52-3A5E-4F84-92D1-7C88E5B8F22F}.Release|Any CPU.ActiveCfg = Release|Any CPU
		{DDFA3F52-3A5E-4F84-92D1-7C88E5B8F22F}.Release|Any CPU.Build.0 = Release|Any CPU
	EndGlobalSection
	GlobalSection(SolutionProperties) = preSolution
		HideSolutionNode = FALSE
	EndGlobalSection
	GlobalSection(ExtensibilityGlobals) = postSolution
		SolutionGuid = {3ED4E3DA-B1CE-4227-A1BB-D063CB8A2EBC}
	EndGlobalSection
EndGlobal
