
Microsoft Visual Studio Solution File, Format Version 12.00
# Visual Studio Version 16
VisualStudioVersion = 16.0.32802.440
MinimumVisualStudioVersion = 10.0.40219.1
Project("{FAE04EC0-301F-11D3-BF4B-00C04F79EFBC}") = "lancuchy_w_jezyku_csharp", "lancuchy_w_jezyku_csharp\lancuchy_w_jezyku_csharp.csproj", "{4BDE48D0-9640-4E33-A330-C47B3107B943}"
EndProject
Global
	GlobalSection(SolutionConfigurationPlatforms) = preSolution
		Debug|Any CPU = Debug|Any CPU
		Release|Any CPU = Release|Any CPU
	EndGlobalSection
	GlobalSection(ProjectConfigurationPlatforms) = postSolution
		{4BDE48D0-9640-4E33-A330-C47B3107B943}.Debug|Any CPU.ActiveCfg = Debug|Any CPU
		{4BDE48D0-9640-4E33-A330-C47B3107B943}.Debug|Any CPU.Build.0 = Debug|Any CPU
		{4BDE48D0-9640-4E33-A330-C47B3107B943}.Release|Any CPU.ActiveCfg = Release|Any CPU
		{4BDE48D0-9640-4E33-A330-C47B3107B943}.Release|Any CPU.Build.0 = Release|Any CPU
	EndGlobalSection
	GlobalSection(SolutionProperties) = preSolution
		HideSolutionNode = FALSE
	EndGlobalSection
	GlobalSection(ExtensibilityGlobals) = postSolution
		SolutionGuid = {E1519C27-AD60-4772-98BD-6D8B28B2D0BC}
	EndGlobalSection
EndGlobal
