
Microsoft Visual Studio Solution File, Format Version 12.00
# Visual Studio Version 17
VisualStudioVersion = 17.10.35013.160
MinimumVisualStudioVersion = 10.0.40219.1
Project("{FAE04EC0-301F-11D3-BF4B-00C04F79EFBC}") = "zgadnij Liczbe", "zgadnij Liczbe\zgadnij Liczbe.csproj", "{EFF1FE93-427F-476C-ADD7-EC63569719E4}"
EndProject
Global
	GlobalSection(SolutionConfigurationPlatforms) = preSolution
		Debug|Any CPU = Debug|Any CPU
		Release|Any CPU = Release|Any CPU
	EndGlobalSection
	GlobalSection(ProjectConfigurationPlatforms) = postSolution
		{EFF1FE93-427F-476C-ADD7-EC63569719E4}.Debug|Any CPU.ActiveCfg = Debug|Any CPU
		{EFF1FE93-427F-476C-ADD7-EC63569719E4}.Debug|Any CPU.Build.0 = Debug|Any CPU
		{EFF1FE93-427F-476C-ADD7-EC63569719E4}.Release|Any CPU.ActiveCfg = Release|Any CPU
		{EFF1FE93-427F-476C-ADD7-EC63569719E4}.Release|Any CPU.Build.0 = Release|Any CPU
	EndGlobalSection
	GlobalSection(SolutionProperties) = preSolution
		HideSolutionNode = FALSE
	EndGlobalSection
	GlobalSection(ExtensibilityGlobals) = postSolution
		SolutionGuid = {5BA339D3-762B-488D-A367-7BDB1ECC4C50}
	EndGlobalSection
EndGlobal
