
Microsoft Visual Studio Solution File, Format Version 12.00
# Visual Studio Version 17
VisualStudioVersion = 17.10.35013.160
MinimumVisualStudioVersion = 10.0.40219.1
Project("{FAE04EC0-301F-11D3-BF4B-00C04F79EFBC}") = "obliczenia", "obliczenia\obliczenia.csproj", "{22886FB5-96F6-4464-9A1A-4C34B92EDAAE}"
EndProject
Global
	GlobalSection(SolutionConfigurationPlatforms) = preSolution
		Debug|Any CPU = Debug|Any CPU
		Release|Any CPU = Release|Any CPU
	EndGlobalSection
	GlobalSection(ProjectConfigurationPlatforms) = postSolution
		{22886FB5-96F6-4464-9A1A-4C34B92EDAAE}.Debug|Any CPU.ActiveCfg = Debug|Any CPU
		{22886FB5-96F6-4464-9A1A-4C34B92EDAAE}.Debug|Any CPU.Build.0 = Debug|Any CPU
		{22886FB5-96F6-4464-9A1A-4C34B92EDAAE}.Release|Any CPU.ActiveCfg = Release|Any CPU
		{22886FB5-96F6-4464-9A1A-4C34B92EDAAE}.Release|Any CPU.Build.0 = Release|Any CPU
	EndGlobalSection
	GlobalSection(SolutionProperties) = preSolution
		HideSolutionNode = FALSE
	EndGlobalSection
	GlobalSection(ExtensibilityGlobals) = postSolution
		SolutionGuid = {1C045918-57EA-4C5F-ABA8-98C6B1DCEF13}
	EndGlobalSection
EndGlobal
